
Microsoft Visual Studio Solution File, Format Version 12.00
# Visual Studio Version 17
VisualStudioVersion = 17.9.34728.123
MinimumVisualStudioVersion = 10.0.40219.1
Project("{9A19103F-16F7-4668-BE54-9A1E7A4F7556}") = "BudgetBuddy.Data", "Data\BudgetBuddy.Data\BudgetBuddy.Data.csproj", "{59DA226F-2936-4B78-9AA5-6B3A32F49C38}"
EndProject
Project("{2150E333-8FDC-42A3-9474-1A3956D46DE8}") = "UI", "UI", "{FB980560-998A-4BBE-8919-23DB905B76E7}"
EndProject
Project("{9A19103F-16F7-4668-BE54-9A1E7A4F7556}") = "BudgetBuddy", "UI\BudgetBuddy.UI\BudgetBuddy.csproj", "{32286EDF-8990-41D5-BDA6-C34C18481B36}"
EndProject
Project("{2150E333-8FDC-42A3-9474-1A3956D46DE8}") = "Data", "Data", "{7E3413D7-EABD-4DB0-BC65-7155D5713768}"
EndProject
Global
	GlobalSection(SolutionConfigurationPlatforms) = preSolution
		Debug|Any CPU = Debug|Any CPU
		Release|Any CPU = Release|Any CPU
	EndGlobalSection
	GlobalSection(ProjectConfigurationPlatforms) = postSolution
		{59DA226F-2936-4B78-9AA5-6B3A32F49C38}.Debug|Any CPU.ActiveCfg = Debug|Any CPU
		{59DA226F-2936-4B78-9AA5-6B3A32F49C38}.Debug|Any CPU.Build.0 = Debug|Any CPU
		{59DA226F-2936-4B78-9AA5-6B3A32F49C38}.Release|Any CPU.ActiveCfg = Release|Any CPU
		{59DA226F-2936-4B78-9AA5-6B3A32F49C38}.Release|Any CPU.Build.0 = Release|Any CPU
		{32286EDF-8990-41D5-BDA6-C34C18481B36}.Debug|Any CPU.ActiveCfg = Debug|Any CPU
		{32286EDF-8990-41D5-BDA6-C34C18481B36}.Debug|Any CPU.Build.0 = Debug|Any CPU
		{32286EDF-8990-41D5-BDA6-C34C18481B36}.Release|Any CPU.ActiveCfg = Release|Any CPU
		{32286EDF-8990-41D5-BDA6-C34C18481B36}.Release|Any CPU.Build.0 = Release|Any CPU
	EndGlobalSection
	GlobalSection(SolutionProperties) = preSolution
		HideSolutionNode = FALSE
	EndGlobalSection
	GlobalSection(NestedProjects) = preSolution
		{59DA226F-2936-4B78-9AA5-6B3A32F49C38} = {7E3413D7-EABD-4DB0-BC65-7155D5713768}
		{32286EDF-8990-41D5-BDA6-C34C18481B36} = {FB980560-998A-4BBE-8919-23DB905B76E7}
	EndGlobalSection
	GlobalSection(ExtensibilityGlobals) = postSolution
		SolutionGuid = {8F6604E4-57E3-465E-8F1E-6F466DA334C1}
	EndGlobalSection
EndGlobal
